// !$*UTF8*$!
{
	archiveVersion = 1;
	classes = {
	};
	objectVersion = 46;
	objects = {

/* Begin PBXBuildFile section */
		328DE5C7190BBA170007B358 /* main.cpp in Sources */ = {isa = PBXBuildFile; fileRef = 328DE5C6190BBA170007B358 /* main.cpp */; };
		328DE5C9190BBA170007B358 /* MMNetworking.1 in CopyFiles */ = {isa = PBXBuildFile; fileRef = 328DE5C8190BBA170007B358 /* MMNetworking.1 */; };
		328DEF3C190BBF4A0007B358 /* libcurl.dylib in Frameworks */ = {isa = PBXBuildFile; fileRef = 328DEF3B190BBF4A0007B358 /* libcurl.dylib */; };
		328DEF40190BBF8B0007B358 /* MMURLRequest.cpp in Sources */ = {isa = PBXBuildFile; fileRef = 328DEF3E190BBF8B0007B358 /* MMURLRequest.cpp */; };
		328DEF43190BC4EF0007B358 /* MMURL.cpp in Sources */ = {isa = PBXBuildFile; fileRef = 328DEF41190BC4EF0007B358 /* MMURL.cpp */; };
		328DEF4B190BD5BC0007B358 /* libpthread.dylib in Frameworks */ = {isa = PBXBuildFile; fileRef = 328DEF4A190BD5BC0007B358 /* libpthread.dylib */; };
		328DEF4C190BD5F40007B358 /* MMURLConnection.cpp in Sources */ = {isa = PBXBuildFile; fileRef = 328DEF45190BC9C20007B358 /* MMURLConnection.cpp */; };
		328DEF4F190C4AC70007B358 /* MMURLDataBuffer.cpp in Sources */ = {isa = PBXBuildFile; fileRef = 328DEF4D190C4AC70007B358 /* MMURLDataBuffer.cpp */; };
		328DEF52190C6FBC0007B358 /* MMURLResponse.cpp in Sources */ = {isa = PBXBuildFile; fileRef = 328DEF50190C6FBC0007B358 /* MMURLResponse.cpp */; };
		32EC0E7F191AD1AB0090FE31 /* MMURLData.cpp in Sources */ = {isa = PBXBuildFile; fileRef = 32EC0E7D191AD1AB0090FE31 /* MMURLData.cpp */; };
/* End PBXBuildFile section */

/* Begin PBXCopyFilesBuildPhase section */
		328DE5C1190BBA170007B358 /* CopyFiles */ = {
			isa = PBXCopyFilesBuildPhase;
			buildActionMask = 2147483647;
			dstPath = /usr/share/man/man1/;
			dstSubfolderSpec = 0;
			files = (
				328DE5C9190BBA170007B358 /* MMNetworking.1 in CopyFiles */,
			);
			runOnlyForDeploymentPostprocessing = 1;
		};
/* End PBXCopyFilesBuildPhase section */

/* Begin PBXFileReference section */
		328DE5C3190BBA170007B358 /* MMNetworking */ = {isa = PBXFileReference; explicitFileType = "compiled.mach-o.executable"; includeInIndex = 0; path = MMNetworking; sourceTree = BUILT_PRODUCTS_DIR; };
		328DE5C6190BBA170007B358 /* main.cpp */ = {isa = PBXFileReference; lastKnownFileType = sourcecode.cpp.cpp; name = main.cpp; path = ../testProject/MMcURLpp/main.cpp; sourceTree = "<group>"; };
		328DE5C8190BBA170007B358 /* MMNetworking.1 */ = {isa = PBXFileReference; lastKnownFileType = text.man; path = MMNetworking.1; sourceTree = "<group>"; };
		328DEF3B190BBF4A0007B358 /* libcurl.dylib */ = {isa = PBXFileReference; lastKnownFileType = "compiled.mach-o.dylib"; name = libcurl.dylib; path = usr/lib/libcurl.dylib; sourceTree = SDKROOT; };
		328DEF3E190BBF8B0007B358 /* MMURLRequest.cpp */ = {isa = PBXFileReference; fileEncoding = 4; lastKnownFileType = sourcecode.cpp.cpp; path = MMURLRequest.cpp; sourceTree = "<group>"; };
		328DEF3F190BBF8B0007B358 /* MMURLRequest.h */ = {isa = PBXFileReference; fileEncoding = 4; lastKnownFileType = sourcecode.c.h; path = MMURLRequest.h; sourceTree = "<group>"; };
		328DEF41190BC4EF0007B358 /* MMURL.cpp */ = {isa = PBXFileReference; fileEncoding = 4; lastKnownFileType = sourcecode.cpp.cpp; path = MMURL.cpp; sourceTree = "<group>"; };
		328DEF42190BC4EF0007B358 /* MMURL.h */ = {isa = PBXFileReference; fileEncoding = 4; lastKnownFileType = sourcecode.c.h; path = MMURL.h; sourceTree = "<group>"; };
		328DEF44190BC5C30007B358 /* MMURLTypes.h */ = {isa = PBXFileReference; lastKnownFileType = sourcecode.c.h; path = MMURLTypes.h; sourceTree = "<group>"; };
		328DEF45190BC9C20007B358 /* MMURLConnection.cpp */ = {isa = PBXFileReference; fileEncoding = 4; lastKnownFileType = sourcecode.cpp.cpp; path = MMURLConnection.cpp; sourceTree = "<group>"; };
		328DEF46190BC9C20007B358 /* MMURLConnection.h */ = {isa = PBXFileReference; fileEncoding = 4; lastKnownFileType = sourcecode.c.h; path = MMURLConnection.h; sourceTree = "<group>"; };
		328DEF4A190BD5BC0007B358 /* libpthread.dylib */ = {isa = PBXFileReference; lastKnownFileType = "compiled.mach-o.dylib"; name = libpthread.dylib; path = usr/lib/libpthread.dylib; sourceTree = SDKROOT; };
		328DEF4D190C4AC70007B358 /* MMURLDataBuffer.cpp */ = {isa = PBXFileReference; fileEncoding = 4; lastKnownFileType = sourcecode.cpp.cpp; path = MMURLDataBuffer.cpp; sourceTree = "<group>"; };
		328DEF4E190C4AC70007B358 /* MMURLDataBuffer.h */ = {isa = PBXFileReference; fileEncoding = 4; lastKnownFileType = sourcecode.c.h; path = MMURLDataBuffer.h; sourceTree = "<group>"; };
		328DEF50190C6FBC0007B358 /* MMURLResponse.cpp */ = {isa = PBXFileReference; fileEncoding = 4; lastKnownFileType = sourcecode.cpp.cpp; path = MMURLResponse.cpp; sourceTree = "<group>"; };
		328DEF51190C6FBC0007B358 /* MMURLResponse.h */ = {isa = PBXFileReference; fileEncoding = 4; lastKnownFileType = sourcecode.c.h; path = MMURLResponse.h; sourceTree = "<group>"; };
		32EC0E7D191AD1AB0090FE31 /* MMURLData.cpp */ = {isa = PBXFileReference; fileEncoding = 4; lastKnownFileType = sourcecode.cpp.cpp; path = MMURLData.cpp; sourceTree = "<group>"; };
		32EC0E7E191AD1AB0090FE31 /* MMURLData.h */ = {isa = PBXFileReference; fileEncoding = 4; lastKnownFileType = sourcecode.c.h; path = MMURLData.h; sourceTree = "<group>"; };
		32EC0E81191AE8240090FE31 /* MMURLConnectionDelegate.h */ = {isa = PBXFileReference; fileEncoding = 4; lastKnownFileType = sourcecode.c.h; path = MMURLConnectionDelegate.h; sourceTree = "<group>"; };
/* End PBXFileReference section */

/* Begin PBXFrameworksBuildPhase section */
		328DE5C0190BBA170007B358 /* Frameworks */ = {
			isa = PBXFrameworksBuildPhase;
			buildActionMask = 2147483647;
			files = (
				328DEF4B190BD5BC0007B358 /* libpthread.dylib in Frameworks */,
				328DEF3C190BBF4A0007B358 /* libcurl.dylib in Frameworks */,
			);
			runOnlyForDeploymentPostprocessing = 0;
		};
/* End PBXFrameworksBuildPhase section */

/* Begin PBXGroup section */
		328DE5BA190BBA170007B358 = {
			isa = PBXGroup;
			children = (
				328DE5C5190BBA170007B358 /* MMcURLpp */,
				328DE5C4190BBA170007B358 /* Products */,
			);
			sourceTree = "<group>";
		};
		328DE5C4190BBA170007B358 /* Products */ = {
			isa = PBXGroup;
			children = (
				328DE5C3190BBA170007B358 /* MMNetworking */,
			);
			name = Products;
			sourceTree = "<group>";
		};
		328DE5C5190BBA170007B358 /* MMcURLpp */ = {
			isa = PBXGroup;
			children = (
				328DEF56190D43A30007B358 /* libs */,
				328DEF3D190BBF600007B358 /* src */,
				328DE5C8190BBA170007B358 /* MMNetworking.1 */,
			);
			path = MMcURLpp;
			sourceTree = "<group>";
		};
		328DEF3D190BBF600007B358 /* src */ = {
			isa = PBXGroup;
			children = (
				328DE5C6190BBA170007B358 /* main.cpp */,
				328DEF44190BC5C30007B358 /* MMURLTypes.h */,
				32EC0E7D191AD1AB0090FE31 /* MMURLData.cpp */,
				32EC0E7E191AD1AB0090FE31 /* MMURLData.h */,
				328DEF4D190C4AC70007B358 /* MMURLDataBuffer.cpp */,
				328DEF4E190C4AC70007B358 /* MMURLDataBuffer.h */,
				328DEF41190BC4EF0007B358 /* MMURL.cpp */,
				328DEF42190BC4EF0007B358 /* MMURL.h */,
				328DEF3E190BBF8B0007B358 /* MMURLRequest.cpp */,
				328DEF3F190BBF8B0007B358 /* MMURLRequest.h */,
				328DEF45190BC9C20007B358 /* MMURLConnection.cpp */,
				328DEF46190BC9C20007B358 /* MMURLConnection.h */,
				328DEF50190C6FBC0007B358 /* MMURLResponse.cpp */,
				328DEF51190C6FBC0007B358 /* MMURLResponse.h */,
				32EC0E81191AE8240090FE31 /* MMURLConnectionDelegate.h */,
			);
			name = src;
			path = ../../src;
			sourceTree = "<group>";
		};
		328DEF56190D43A30007B358 /* libs */ = {
			isa = PBXGroup;
			children = (
				328DEF4A190BD5BC0007B358 /* libpthread.dylib */,
				328DEF3B190BBF4A0007B358 /* libcurl.dylib */,
			);
			name = libs;
			sourceTree = "<group>";
		};
/* End PBXGroup section */

/* Begin PBXNativeTarget section */
		328DE5C2190BBA170007B358 /* MMNetworking */ = {
			isa = PBXNativeTarget;
			buildConfigurationList = 328DE5CC190BBA170007B358 /* Build configuration list for PBXNativeTarget "MMNetworking" */;
			buildPhases = (
				328DE5BF190BBA170007B358 /* Sources */,
				328DE5C0190BBA170007B358 /* Frameworks */,
				328DE5C1190BBA170007B358 /* CopyFiles */,
			);
			buildRules = (
			);
			dependencies = (
			);
			name = MMNetworking;
			productName = MMcURLpp;
			productReference = 328DE5C3190BBA170007B358 /* MMNetworking */;
			productType = "com.apple.product-type.tool";
		};
/* End PBXNativeTarget section */

/* Begin PBXProject section */
		328DE5BB190BBA170007B358 /* Project object */ = {
			isa = PBXProject;
			attributes = {
				LastUpgradeCheck = 0510;
				ORGANIZATIONNAME = "Manuele Maggi";
			};
			buildConfigurationList = 328DE5BE190BBA170007B358 /* Build configuration list for PBXProject "MMNetworking" */;
			compatibilityVersion = "Xcode 3.2";
			developmentRegion = English;
			hasScannedForEncodings = 0;
			knownRegions = (
				en,
			);
			mainGroup = 328DE5BA190BBA170007B358;
			productRefGroup = 328DE5C4190BBA170007B358 /* Products */;
			projectDirPath = "";
			projectRoot = "";
			targets = (
				328DE5C2190BBA170007B358 /* MMNetworking */,
			);
		};
/* End PBXProject section */

/* Begin PBXSourcesBuildPhase section */
		328DE5BF190BBA170007B358 /* Sources */ = {
			isa = PBXSourcesBuildPhase;
			buildActionMask = 2147483647;
			files = (
				328DEF4F190C4AC70007B358 /* MMURLDataBuffer.cpp in Sources */,
				32EC0E7F191AD1AB0090FE31 /* MMURLData.cpp in Sources */,
				328DE5C7190BBA170007B358 /* main.cpp in Sources */,
				328DEF52190C6FBC0007B358 /* MMURLResponse.cpp in Sources */,
				328DEF43190BC4EF0007B358 /* MMURL.cpp in Sources */,
				328DEF40190BBF8B0007B358 /* MMURLRequest.cpp in Sources */,
				328DEF4C190BD5F40007B358 /* MMURLConnection.cpp in Sources */,
			);
			runOnlyForDeploymentPostprocessing = 0;
		};
/* End PBXSourcesBuildPhase section */

/* Begin XCBuildConfiguration section */
		328DE5CA190BBA170007B358 /* Debug */ = {
			isa = XCBuildConfiguration;
			buildSettings = {
				ALWAYS_SEARCH_USER_PATHS = NO;
				CLANG_CXX_LANGUAGE_STANDARD = "gnu++0x";
				CLANG_ENABLE_MODULES = YES;
				CLANG_ENABLE_OBJC_ARC = YES;
				CLANG_WARN_BOOL_CONVERSION = YES;
				CLANG_WARN_CONSTANT_CONVERSION = YES;
				CLANG_WARN_DIRECT_OBJC_ISA_USAGE = YES_ERROR;
				CLANG_WARN_EMPTY_BODY = YES;
				CLANG_WARN_ENUM_CONVERSION = YES;
				CLANG_WARN_INT_CONVERSION = YES;
				CLANG_WARN_OBJC_ROOT_CLASS = YES_ERROR;
				CLANG_WARN__DUPLICATE_METHOD_MATCH = YES;
				COPY_PHASE_STRIP = NO;
				GCC_C_LANGUAGE_STANDARD = gnu99;
				GCC_DYNAMIC_NO_PIC = NO;
				GCC_ENABLE_OBJC_EXCEPTIONS = YES;
				GCC_OPTIMIZATION_LEVEL = 0;
				GCC_PREPROCESSOR_DEFINITIONS = (
					"DEBUG=1",
					"$(inherited)",
				);
				GCC_SYMBOLS_PRIVATE_EXTERN = NO;
				GCC_WARN_64_TO_32_BIT_CONVERSION = YES;
				GCC_WARN_ABOUT_RETURN_TYPE = YES_ERROR;
				GCC_WARN_UNDECLARED_SELECTOR = YES;
				GCC_WARN_UNINITIALIZED_AUTOS = YES_AGGRESSIVE;
				GCC_WARN_UNUSED_FUNCTION = YES;
				GCC_WARN_UNUSED_VARIABLE = YES;
				MACOSX_DEPLOYMENT_TARGET = 10.9;
				ONLY_ACTIVE_ARCH = YES;
				SDKROOT = macosx;
			};
			name = Debug;
		};
		328DE5CB190BBA170007B358 /* Release */ = {
			isa = XCBuildConfiguration;
			buildSettings = {
				ALWAYS_SEARCH_USER_PATHS = NO;
				CLANG_CXX_LANGUAGE_STANDARD = "gnu++0x";
				CLANG_ENABLE_MODULES = YES;
				CLANG_ENABLE_OBJC_ARC = YES;
				CLANG_WARN_BOOL_CONVERSION = YES;
				CLANG_WARN_CONSTANT_CONVERSION = YES;
				CLANG_WARN_DIRECT_OBJC_ISA_USAGE = YES_ERROR;
				CLANG_WARN_EMPTY_BODY = YES;
				CLANG_WARN_ENUM_CONVERSION = YES;
				CLANG_WARN_INT_CONVERSION = YES;
				CLANG_WARN_OBJC_ROOT_CLASS = YES_ERROR;
				CLANG_WARN__DUPLICATE_METHOD_MATCH = YES;
				COPY_PHASE_STRIP = YES;
				DEBUG_INFORMATION_FORMAT = "dwarf-with-dsym";
				ENABLE_NS_ASSERTIONS = NO;
				GCC_C_LANGUAGE_STANDARD = gnu99;
				GCC_ENABLE_OBJC_EXCEPTIONS = YES;
				GCC_WARN_64_TO_32_BIT_CONVERSION = YES;
				GCC_WARN_ABOUT_RETURN_TYPE = YES_ERROR;
				GCC_WARN_UNDECLARED_SELECTOR = YES;
				GCC_WARN_UNINITIALIZED_AUTOS = YES_AGGRESSIVE;
				GCC_WARN_UNUSED_FUNCTION = YES;
				GCC_WARN_UNUSED_VARIABLE = YES;
				MACOSX_DEPLOYMENT_TARGET = 10.9;
				SDKROOT = macosx;
			};
			name = Release;
		};
		328DE5CD190BBA170007B358 /* Debug */ = {
			isa = XCBuildConfiguration;
			buildSettings = {
				PRODUCT_NAME = MMNetworking;
			};
			name = Debug;
		};
		328DE5CE190BBA170007B358 /* Release */ = {
			isa = XCBuildConfiguration;
			buildSettings = {
				PRODUCT_NAME = MMNetworking;
			};
			name = Release;
		};
/* End XCBuildConfiguration section */

/* Begin XCConfigurationList section */
		328DE5BE190BBA170007B358 /* Build configuration list for PBXProject "MMNetworking" */ = {
			isa = XCConfigurationList;
			buildConfigurations = (
				328DE5CA190BBA170007B358 /* Debug */,
				328DE5CB190BBA170007B358 /* Release */,
			);
			defaultConfigurationIsVisible = 0;
			defaultConfigurationName = Release;
		};
		328DE5CC190BBA170007B358 /* Build configuration list for PBXNativeTarget "MMNetworking" */ = {
			isa = XCConfigurationList;
			buildConfigurations = (
				328DE5CD190BBA170007B358 /* Debug */,
				328DE5CE190BBA170007B358 /* Release */,
			);
			defaultConfigurationIsVisible = 0;
			defaultConfigurationName = Release;
		};
/* End XCConfigurationList section */
	};
	rootObject = 328DE5BB190BBA170007B358 /* Project object */;
}
